
Microsoft Visual Studio Solution File, Format Version 12.00
# Visual Studio Version 16
VisualStudioVersion = 16.0.30320.27
MinimumVisualStudioVersion = 10.0.40219.1
Project("{9A19103F-16F7-4668-BE54-9A1E7A4F7556}") = "StockBridge", "StockBridge\StockBridge.csproj", "{4461C779-AB9B-4168-A043-34EEEBFDD5D9}"
EndProject
Global
	GlobalSection(SolutionConfigurationPlatforms) = preSolution
		Debug|Any CPU = Debug|Any CPU
		Release|Any CPU = Release|Any CPU
	EndGlobalSection
	GlobalSection(ProjectConfigurationPlatforms) = postSolution
		{4461C779-AB9B-4168-A043-34EEEBFDD5D9}.Debug|Any CPU.ActiveCfg = Debug|Any CPU
		{4461C779-AB9B-4168-A043-34EEEBFDD5D9}.Debug|Any CPU.Build.0 = Debug|Any CPU
		{4461C779-AB9B-4168-A043-34EEEBFDD5D9}.Release|Any CPU.ActiveCfg = Release|Any CPU
		{4461C779-AB9B-4168-A043-34EEEBFDD5D9}.Release|Any CPU.Build.0 = Release|Any CPU
	EndGlobalSection
	GlobalSection(SolutionProperties) = preSolution
		HideSolutionNode = FALSE
	EndGlobalSection
	GlobalSection(ExtensibilityGlobals) = postSolution
		SolutionGuid = {17D443E9-7068-4D89-8A7C-E4456DC2BDC6}
	EndGlobalSection
EndGlobal
